
Microsoft Visual Studio Solution File, Format Version 12.00
# Visual Studio Version 17
VisualStudioVersion = 17.13.35818.85
MinimumVisualStudioVersion = 10.0.40219.1
Project("{FAE04EC0-301F-11D3-BF4B-00C04F79EFBC}") = "Task1", "Task1\Task1.csproj", "{367DA2BA-E75A-4270-B0B6-00843ACBAC76}"
EndProject
Project("{FAE04EC0-301F-11D3-BF4B-00C04F79EFBC}") = "Exercise.PetStore", "Exercise.PetStore\Exercise.PetStore.csproj", "{B9743B7A-3F85-4A22-8A18-E5E136ACA6B4}"
EndProject
Global
	GlobalSection(SolutionConfigurationPlatforms) = preSolution
		Debug|Any CPU = Debug|Any CPU
		Release|Any CPU = Release|Any CPU
	EndGlobalSection
	GlobalSection(ProjectConfigurationPlatforms) = postSolution
		{367DA2BA-E75A-4270-B0B6-00843ACBAC76}.Debug|Any CPU.ActiveCfg = Debug|Any CPU
		{367DA2BA-E75A-4270-B0B6-00843ACBAC76}.Debug|Any CPU.Build.0 = Debug|Any CPU
		{367DA2BA-E75A-4270-B0B6-00843ACBAC76}.Release|Any CPU.ActiveCfg = Release|Any CPU
		{367DA2BA-E75A-4270-B0B6-00843ACBAC76}.Release|Any CPU.Build.0 = Release|Any CPU
		{B9743B7A-3F85-4A22-8A18-E5E136ACA6B4}.Debug|Any CPU.ActiveCfg = Debug|Any CPU
		{B9743B7A-3F85-4A22-8A18-E5E136ACA6B4}.Debug|Any CPU.Build.0 = Debug|Any CPU
		{B9743B7A-3F85-4A22-8A18-E5E136ACA6B4}.Release|Any CPU.ActiveCfg = Release|Any CPU
		{B9743B7A-3F85-4A22-8A18-E5E136ACA6B4}.Release|Any CPU.Build.0 = Release|Any CPU
	EndGlobalSection
	GlobalSection(SolutionProperties) = preSolution
		HideSolutionNode = FALSE
	EndGlobalSection
	GlobalSection(ExtensibilityGlobals) = postSolution
		SolutionGuid = {5879908C-DF2D-49C9-BA69-D07C9891B161}
	EndGlobalSection
EndGlobal
